PODS:
  - audioplayers (0.0.1):
    - Flutter
  - Flutter (1.0.0)
  - FMDB (2.7.12):
    - FMDB/standard (= 2.7.12)
  - FMDB/Core (2.7.12)
  - FMDB/standard (2.7.12):
    - FMDB/Core
  - path_provider (0.0.1):
    - Flutter
  - sqflite (0.0.2):
    - Flutter
    - FMDB (>= 2.7.5)

DEPENDENCIES:
  - audioplayers (from `.symlinks/plugins/audioplayers/ios`)
  - Flutter (from `Flutter`)
  - path_provider (from `.symlinks/plugins/path_provider/ios`)
  - sqflite (from `.symlinks/plugins/sqflite/ios`)

SPEC REPOS:
  trunk:
    - FMDB

EXTERNAL SOURCES:
  audioplayers:
    :path: ".symlinks/plugins/audioplayers/ios"
  Flutter:
    :path: Flutter
  path_provider:
    :path: ".symlinks/plugins/path_provider/ios"
  sqflite:
    :path: ".symlinks/plugins/sqflite/ios"

SPEC CHECKSUMS:
  audioplayers: 53f0f30789b10ab2009771c6c79def00980945e4
  Flutter: 50d75fe2f02b26cc09d224853bb45737f8b3214a
  FMDB: 728731dd336af3936ce00f91d9d8495f5718a0e6
  path_provider: abfe2b5c733d04e238b0d8691db0cfd63a27a93c
  sqflite: 6d358c025f5b867b29ed92fc697fd34924e11904

PODFILE CHECKSUM: 4e8f8b2be68aeea4c0d5beb6ff1e79fface1d048

COCOAPODS: 1.15.2
